
Microsoft Visual Studio Solution File, Format Version 12.00
# Visual Studio Version 16
VisualStudioVersion = 16.0.29020.237
MinimumVisualStudioVersion = 10.0.40219.1
Project("{FAE04EC0-301F-11D3-BF4B-00C04F79EFBC}") = "Practice1", "Practice1\Practice1.csproj", "{EC9ABCD9-6145-439D-BC86-E1E01E579058}"
EndProject
Global
	GlobalSection(SolutionConfigurationPlatforms) = preSolution
		Debug|Any CPU = Debug|Any CPU
		Release|Any CPU = Release|Any CPU
	EndGlobalSection
	GlobalSection(ProjectConfigurationPlatforms) = postSolution
		{EC9ABCD9-6145-439D-BC86-E1E01E579058}.Debug|Any CPU.ActiveCfg = Debug|Any CPU
		{EC9ABCD9-6145-439D-BC86-E1E01E579058}.Debug|Any CPU.Build.0 = Debug|Any CPU
		{EC9ABCD9-6145-439D-BC86-E1E01E579058}.Release|Any CPU.ActiveCfg = Release|Any CPU
		{EC9ABCD9-6145-439D-BC86-E1E01E579058}.Release|Any CPU.Build.0 = Release|Any CPU
	EndGlobalSection
	GlobalSection(SolutionProperties) = preSolution
		HideSolutionNode = FALSE
	EndGlobalSection
	GlobalSection(ExtensibilityGlobals) = postSolution
		SolutionGuid = {A6891A4C-8EE4-4FA0-99E6-4A1F29B9077E}
	EndGlobalSection
EndGlobal
